
Microsoft Visual Studio Solution File, Format Version 12.00
# Visual Studio Version 16
VisualStudioVersion = 16.0.31729.503
MinimumVisualStudioVersion = 10.0.40219.1
Project("{FAE04EC0-301F-11D3-BF4B-00C04F79EFBC}") = "Z2.2WinForm", "Z2.2WinForm\Z2.2WinForm.csproj", "{D88AE42D-0BCC-4E61-AB11-C382CD0A469C}"
EndProject
Global
	GlobalSection(SolutionConfigurationPlatforms) = preSolution
		Debug|Any CPU = Debug|Any CPU
		Release|Any CPU = Release|Any CPU
	EndGlobalSection
	GlobalSection(ProjectConfigurationPlatforms) = postSolution
		{D88AE42D-0BCC-4E61-AB11-C382CD0A469C}.Debug|Any CPU.ActiveCfg = Debug|Any CPU
		{D88AE42D-0BCC-4E61-AB11-C382CD0A469C}.Debug|Any CPU.Build.0 = Debug|Any CPU
		{D88AE42D-0BCC-4E61-AB11-C382CD0A469C}.Release|Any CPU.ActiveCfg = Release|Any CPU
		{D88AE42D-0BCC-4E61-AB11-C382CD0A469C}.Release|Any CPU.Build.0 = Release|Any CPU
	EndGlobalSection
	GlobalSection(SolutionProperties) = preSolution
		HideSolutionNode = FALSE
	EndGlobalSection
	GlobalSection(ExtensibilityGlobals) = postSolution
		SolutionGuid = {C7506EEC-AC67-4EB3-B948-553523461A1D}
	EndGlobalSection
EndGlobal
