
Microsoft Visual Studio Solution File, Format Version 12.00
# Visual Studio Version 16
VisualStudioVersion = 16.0.31729.503
MinimumVisualStudioVersion = 10.0.40219.1
Project("{FAE04EC0-301F-11D3-BF4B-00C04F79EFBC}") = "Z2.4WinForm", "Z2.4WinForm\Z2.4WinForm.csproj", "{F7DC6D43-6BF3-444B-AE3C-0B179FEDF72C}"
EndProject
Global
	GlobalSection(SolutionConfigurationPlatforms) = preSolution
		Debug|Any CPU = Debug|Any CPU
		Release|Any CPU = Release|Any CPU
	EndGlobalSection
	GlobalSection(ProjectConfigurationPlatforms) = postSolution
		{F7DC6D43-6BF3-444B-AE3C-0B179FEDF72C}.Debug|Any CPU.ActiveCfg = Debug|Any CPU
		{F7DC6D43-6BF3-444B-AE3C-0B179FEDF72C}.Debug|Any CPU.Build.0 = Debug|Any CPU
		{F7DC6D43-6BF3-444B-AE3C-0B179FEDF72C}.Release|Any CPU.ActiveCfg = Release|Any CPU
		{F7DC6D43-6BF3-444B-AE3C-0B179FEDF72C}.Release|Any CPU.Build.0 = Release|Any CPU
	EndGlobalSection
	GlobalSection(SolutionProperties) = preSolution
		HideSolutionNode = FALSE
	EndGlobalSection
	GlobalSection(ExtensibilityGlobals) = postSolution
		SolutionGuid = {65FD1A61-1FC2-4E60-90F1-3ED53BA5F682}
	EndGlobalSection
EndGlobal
