
Microsoft Visual Studio Solution File, Format Version 12.00
# Visual Studio Version 16
VisualStudioVersion = 16.0.31729.503
MinimumVisualStudioVersion = 10.0.40219.1
Project("{FAE04EC0-301F-11D3-BF4B-00C04F79EFBC}") = "prac1(WF)", "prac1(WF)\prac1(WF).csproj", "{CBF92348-A17D-43F8-A6FF-AD98F5FD5790}"
EndProject
Global
	GlobalSection(SolutionConfigurationPlatforms) = preSolution
		Debug|Any CPU = Debug|Any CPU
		Release|Any CPU = Release|Any CPU
	EndGlobalSection
	GlobalSection(ProjectConfigurationPlatforms) = postSolution
		{CBF92348-A17D-43F8-A6FF-AD98F5FD5790}.Debug|Any CPU.ActiveCfg = Debug|Any CPU
		{CBF92348-A17D-43F8-A6FF-AD98F5FD5790}.Debug|Any CPU.Build.0 = Debug|Any CPU
		{CBF92348-A17D-43F8-A6FF-AD98F5FD5790}.Release|Any CPU.ActiveCfg = Release|Any CPU
		{CBF92348-A17D-43F8-A6FF-AD98F5FD5790}.Release|Any CPU.Build.0 = Release|Any CPU
	EndGlobalSection
	GlobalSection(SolutionProperties) = preSolution
		HideSolutionNode = FALSE
	EndGlobalSection
	GlobalSection(ExtensibilityGlobals) = postSolution
		SolutionGuid = {17F39BD0-3651-456C-AAD7-AB9A4B9833CF}
	EndGlobalSection
EndGlobal
